{
  "name": "delpha",
  "version": "0.0.11",
  "lockfileVersion": 3,
  "requires": true,
  "packages": {
    "": {
      "name": "delpha",
      "version": "0.0.11",
      "license": "MIT",
      "dependencies": {
        "delpha": "^0.0.11"
      }
    },
    "node_modules/delpha": {
      "version": "0.0.11",
      "resolved": "https://registry.npmjs.org/delpha/-/delpha-0.0.11.tgz",
      "integrity": "sha512-MHWwTT2z62dNnPsTuRY3dvfJ8/d3EzQCGqkXEOZ8Lg/xs3KG/R24DE1EjFup3u+C7DSzLC0jNMvWHk2pCzsZrg=="
    }
  }
}
